
Microsoft Visual Studio Solution File, Format Version 12.00
# Visual Studio Version 16
VisualStudioVersion = 16.0.31911.196
MinimumVisualStudioVersion = 10.0.40219.1
Project("{FAE04EC0-301F-11D3-BF4B-00C04F79EFBC}") = "Aribasoiu_Danusia_Lab2", "Aribasoiu_Danusia_Lab2.csproj", "{55F6DB65-D7D1-4232-8C83-AB3292DA6CEA}"
EndProject
Global
	GlobalSection(SolutionConfigurationPlatforms) = preSolution
		Debug|Any CPU = Debug|Any CPU
		Release|Any CPU = Release|Any CPU
	EndGlobalSection
	GlobalSection(ProjectConfigurationPlatforms) = postSolution
		{55F6DB65-D7D1-4232-8C83-AB3292DA6CEA}.Debug|Any CPU.ActiveCfg = Debug|Any CPU
		{55F6DB65-D7D1-4232-8C83-AB3292DA6CEA}.Debug|Any CPU.Build.0 = Debug|Any CPU
		{55F6DB65-D7D1-4232-8C83-AB3292DA6CEA}.Release|Any CPU.ActiveCfg = Release|Any CPU
		{55F6DB65-D7D1-4232-8C83-AB3292DA6CEA}.Release|Any CPU.Build.0 = Release|Any CPU
	EndGlobalSection
	GlobalSection(SolutionProperties) = preSolution
		HideSolutionNode = FALSE
	EndGlobalSection
	GlobalSection(ExtensibilityGlobals) = postSolution
		SolutionGuid = {570757BA-883D-4261-9029-773FA91D827E}
	EndGlobalSection
EndGlobal
